
Microsoft Visual Studio Solution File, Format Version 12.00
# Visual Studio 14
VisualStudioVersion = 14.0.23107.0
MinimumVisualStudioVersion = 10.0.40219.1
Project("{FAE04EC0-301F-11D3-BF4B-00C04F79EFBC}") = "RealTime", "RealTime\RealTime.csproj", "{3D01F728-1B2E-411B-B0EA-6276B0D34FE2}"
EndProject
Project("{FAE04EC0-301F-11D3-BF4B-00C04F79EFBC}") = "MarketDataProvidersLib", "MarketDataProvidersLib\MarketDataProvidersLib.csproj", "{B39B41C2-D844-4E57-A5F1-9C9403863802}"
EndProject
Project("{FAE04EC0-301F-11D3-BF4B-00C04F79EFBC}") = "MarketDataService", "MarketDataService\MarketDataService.csproj", "{4D4138B5-B31C-409D-86ED-32942F93498F}"
EndProject
Project("{FAE04EC0-301F-11D3-BF4B-00C04F79EFBC}") = "MarketDataProvidersLib.UnitTest", "MarketDataProvidersLib.UnitTest\MarketDataProvidersLib.UnitTest.csproj", "{14DB6B26-142A-49EE-9709-CDF9FBB55D69}"
EndProject
Project("{2150E333-8FDC-42A3-9474-1A3956D46DE8}") = "Miscellaneous", "Miscellaneous", "{E1264A77-B2C8-4032-B83F-13DC827F0D67}"
	ProjectSection(SolutionItems) = preProject
		image.png = image.png
		Market Data EcoSystem.png = Market Data EcoSystem.png
		README.pdf = README.pdf
		RealTime Screen shot.docx = RealTime Screen shot.docx
	EndProjectSection
EndProject
Global
	GlobalSection(SolutionConfigurationPlatforms) = preSolution
		Debug|Any CPU = Debug|Any CPU
		Debug|Mixed Platforms = Debug|Mixed Platforms
		Debug|x86 = Debug|x86
		Release|Any CPU = Release|Any CPU
		Release|Mixed Platforms = Release|Mixed Platforms
		Release|x86 = Release|x86
	EndGlobalSection
	GlobalSection(ProjectConfigurationPlatforms) = postSolution
		{3D01F728-1B2E-411B-B0EA-6276B0D34FE2}.Debug|Any CPU.ActiveCfg = Debug|Any CPU
		{3D01F728-1B2E-411B-B0EA-6276B0D34FE2}.Debug|Any CPU.Build.0 = Debug|Any CPU
		{3D01F728-1B2E-411B-B0EA-6276B0D34FE2}.Debug|Mixed Platforms.ActiveCfg = Debug|Any CPU
		{3D01F728-1B2E-411B-B0EA-6276B0D34FE2}.Debug|Mixed Platforms.Build.0 = Debug|Any CPU
		{3D01F728-1B2E-411B-B0EA-6276B0D34FE2}.Debug|x86.ActiveCfg = Debug|x86
		{3D01F728-1B2E-411B-B0EA-6276B0D34FE2}.Debug|x86.Build.0 = Debug|x86
		{3D01F728-1B2E-411B-B0EA-6276B0D34FE2}.Release|Any CPU.ActiveCfg = Release|Any CPU
		{3D01F728-1B2E-411B-B0EA-6276B0D34FE2}.Release|Any CPU.Build.0 = Release|Any CPU
		{3D01F728-1B2E-411B-B0EA-6276B0D34FE2}.Release|Mixed Platforms.ActiveCfg = Release|Any CPU
		{3D01F728-1B2E-411B-B0EA-6276B0D34FE2}.Release|Mixed Platforms.Build.0 = Release|Any CPU
		{3D01F728-1B2E-411B-B0EA-6276B0D34FE2}.Release|x86.ActiveCfg = Release|x86
		{3D01F728-1B2E-411B-B0EA-6276B0D34FE2}.Release|x86.Build.0 = Release|x86
		{B39B41C2-D844-4E57-A5F1-9C9403863802}.Debug|Any CPU.ActiveCfg = Debug|Any CPU
		{B39B41C2-D844-4E57-A5F1-9C9403863802}.Debug|Any CPU.Build.0 = Debug|Any CPU
		{B39B41C2-D844-4E57-A5F1-9C9403863802}.Debug|Mixed Platforms.ActiveCfg = Debug|Any CPU
		{B39B41C2-D844-4E57-A5F1-9C9403863802}.Debug|Mixed Platforms.Build.0 = Debug|Any CPU
		{B39B41C2-D844-4E57-A5F1-9C9403863802}.Debug|x86.ActiveCfg = Debug|x86
		{B39B41C2-D844-4E57-A5F1-9C9403863802}.Debug|x86.Build.0 = Debug|x86
		{B39B41C2-D844-4E57-A5F1-9C9403863802}.Release|Any CPU.ActiveCfg = Release|Any CPU
		{B39B41C2-D844-4E57-A5F1-9C9403863802}.Release|Any CPU.Build.0 = Release|Any CPU
		{B39B41C2-D844-4E57-A5F1-9C9403863802}.Release|Mixed Platforms.ActiveCfg = Release|Any CPU
		{B39B41C2-D844-4E57-A5F1-9C9403863802}.Release|Mixed Platforms.Build.0 = Release|Any CPU
		{B39B41C2-D844-4E57-A5F1-9C9403863802}.Release|x86.ActiveCfg = Release|x86
		{B39B41C2-D844-4E57-A5F1-9C9403863802}.Release|x86.Build.0 = Release|x86
		{4D4138B5-B31C-409D-86ED-32942F93498F}.Debug|Any CPU.ActiveCfg = Debug|Any CPU
		{4D4138B5-B31C-409D-86ED-32942F93498F}.Debug|Any CPU.Build.0 = Debug|Any CPU
		{4D4138B5-B31C-409D-86ED-32942F93498F}.Debug|Mixed Platforms.ActiveCfg = Debug|Any CPU
		{4D4138B5-B31C-409D-86ED-32942F93498F}.Debug|Mixed Platforms.Build.0 = Debug|Any CPU
		{4D4138B5-B31C-409D-86ED-32942F93498F}.Debug|x86.ActiveCfg = Debug|x86
		{4D4138B5-B31C-409D-86ED-32942F93498F}.Debug|x86.Build.0 = Debug|x86
		{4D4138B5-B31C-409D-86ED-32942F93498F}.Release|Any CPU.ActiveCfg = Release|Any CPU
		{4D4138B5-B31C-409D-86ED-32942F93498F}.Release|Any CPU.Build.0 = Release|Any CPU
		{4D4138B5-B31C-409D-86ED-32942F93498F}.Release|Mixed Platforms.ActiveCfg = Release|Any CPU
		{4D4138B5-B31C-409D-86ED-32942F93498F}.Release|Mixed Platforms.Build.0 = Release|Any CPU
		{4D4138B5-B31C-409D-86ED-32942F93498F}.Release|x86.ActiveCfg = Release|x86
		{4D4138B5-B31C-409D-86ED-32942F93498F}.Release|x86.Build.0 = Release|x86
		{14DB6B26-142A-49EE-9709-CDF9FBB55D69}.Debug|Any CPU.ActiveCfg = Debug|Any CPU
		{14DB6B26-142A-49EE-9709-CDF9FBB55D69}.Debug|Mixed Platforms.ActiveCfg = Debug|Any CPU
		{14DB6B26-142A-49EE-9709-CDF9FBB55D69}.Debug|x86.ActiveCfg = Debug|x86
		{14DB6B26-142A-49EE-9709-CDF9FBB55D69}.Release|Any CPU.ActiveCfg = Release|Any CPU
		{14DB6B26-142A-49EE-9709-CDF9FBB55D69}.Release|Mixed Platforms.ActiveCfg = Release|Any CPU
		{14DB6B26-142A-49EE-9709-CDF9FBB55D69}.Release|x86.ActiveCfg = Release|x86
	EndGlobalSection
	GlobalSection(SolutionProperties) = preSolution
		HideSolutionNode = FALSE
	EndGlobalSection
EndGlobal
